
Microsoft Visual Studio Solution File, Format Version 12.00
# Visual Studio Version 17
VisualStudioVersion = 17.0.31903.59
MinimumVisualStudioVersion = 10.0.40219.1
Project("{FAE04EC0-301F-11D3-BF4B-00C04F79EFBC}") = "PetFamily.API", "src\PetFamily.API\PetFamily.API.csproj", "{0B1BBE22-B798-4FEB-A138-9E76420164D0}"
EndProject
Project("{FAE04EC0-301F-11D3-BF4B-00C04F79EFBC}") = "PetFamily.Domain", "src\PetFamily.Domain\PetFamily.Domain.csproj", "{575A3A5E-BE76-4CAD-BC91-65DBA9A13D15}"
EndProject
Project("{FAE04EC0-301F-11D3-BF4B-00C04F79EFBC}") = "PetFamily.Application", "src\PetFamily.Application\PetFamily.Application.csproj", "{E12B2EA2-242B-4C36-824D-1B974000CF7C}"
EndProject
Project("{FAE04EC0-301F-11D3-BF4B-00C04F79EFBC}") = "PetFamily.Infrastructure", "src\PetFamily.Infrastructure\PetFamily.Infrastructure.csproj", "{54F4CB7F-77D0-44DA-B1AC-358A0443BD81}"
EndProject
Project("{FAE04EC0-301F-11D3-BF4B-00C04F79EFBC}") = "PetFamily.Shared", "src\PetFamily.Shared\PetFamily.Shared.csproj", "{BEC39479-C9C2-479D-827A-F31F4EE4F6E3}"
EndProject
Global
	GlobalSection(SolutionConfigurationPlatforms) = preSolution
		Debug|Any CPU = Debug|Any CPU
		Release|Any CPU = Release|Any CPU
	EndGlobalSection
	GlobalSection(SolutionProperties) = preSolution
		HideSolutionNode = FALSE
	EndGlobalSection
	GlobalSection(ProjectConfigurationPlatforms) = postSolution
		{0B1BBE22-B798-4FEB-A138-9E76420164D0}.Debug|Any CPU.ActiveCfg = Debug|Any CPU
		{0B1BBE22-B798-4FEB-A138-9E76420164D0}.Debug|Any CPU.Build.0 = Debug|Any CPU
		{0B1BBE22-B798-4FEB-A138-9E76420164D0}.Release|Any CPU.ActiveCfg = Release|Any CPU
		{0B1BBE22-B798-4FEB-A138-9E76420164D0}.Release|Any CPU.Build.0 = Release|Any CPU
		{575A3A5E-BE76-4CAD-BC91-65DBA9A13D15}.Debug|Any CPU.ActiveCfg = Debug|Any CPU
		{575A3A5E-BE76-4CAD-BC91-65DBA9A13D15}.Debug|Any CPU.Build.0 = Debug|Any CPU
		{575A3A5E-BE76-4CAD-BC91-65DBA9A13D15}.Release|Any CPU.ActiveCfg = Release|Any CPU
		{575A3A5E-BE76-4CAD-BC91-65DBA9A13D15}.Release|Any CPU.Build.0 = Release|Any CPU
		{E12B2EA2-242B-4C36-824D-1B974000CF7C}.Debug|Any CPU.ActiveCfg = Debug|Any CPU
		{E12B2EA2-242B-4C36-824D-1B974000CF7C}.Debug|Any CPU.Build.0 = Debug|Any CPU
		{E12B2EA2-242B-4C36-824D-1B974000CF7C}.Release|Any CPU.ActiveCfg = Release|Any CPU
		{E12B2EA2-242B-4C36-824D-1B974000CF7C}.Release|Any CPU.Build.0 = Release|Any CPU
		{54F4CB7F-77D0-44DA-B1AC-358A0443BD81}.Debug|Any CPU.ActiveCfg = Debug|Any CPU
		{54F4CB7F-77D0-44DA-B1AC-358A0443BD81}.Debug|Any CPU.Build.0 = Debug|Any CPU
		{54F4CB7F-77D0-44DA-B1AC-358A0443BD81}.Release|Any CPU.ActiveCfg = Release|Any CPU
		{54F4CB7F-77D0-44DA-B1AC-358A0443BD81}.Release|Any CPU.Build.0 = Release|Any CPU
		{BEC39479-C9C2-479D-827A-F31F4EE4F6E3}.Debug|Any CPU.ActiveCfg = Debug|Any CPU
		{BEC39479-C9C2-479D-827A-F31F4EE4F6E3}.Debug|Any CPU.Build.0 = Debug|Any CPU
		{BEC39479-C9C2-479D-827A-F31F4EE4F6E3}.Release|Any CPU.ActiveCfg = Release|Any CPU
		{BEC39479-C9C2-479D-827A-F31F4EE4F6E3}.Release|Any CPU.Build.0 = Release|Any CPU
	EndGlobalSection
EndGlobal
