
Microsoft Visual Studio Solution File, Format Version 12.00
# Visual Studio Version 17
VisualStudioVersion = 17.0.31903.59
MinimumVisualStudioVersion = 10.0.40219.1
Project("{FAE04EC0-301F-11D3-BF4B-00C04F79EFBC}") = "PetFamily.API", "src\PetFamily.API\PetFamily.API.csproj", "{0B1BBE22-B798-4FEB-A138-9E76420164D0}"
EndProject
Project("{2150E333-8FDC-42A3-9474-1A3956D46DE8}") = "Tests", "Tests", "{047153CD-A20C-4673-8263-B6BAD5EAB030}"
EndProject
Project("{FAE04EC0-301F-11D3-BF4B-00C04F79EFBC}") = "PetFamily.Domain.UnitTests", "Tests\PetFamily.Domain.UnitTests\PetFamily.Domain.UnitTests.csproj", "{0DAE0075-2445-471C-A283-C0C07455E734}"
EndProject
Project("{FAE04EC0-301F-11D3-BF4B-00C04F79EFBC}") = "PetFamily.Application.IntegrationTests", "Tests\PetFamily.Application.IntegrationTests\PetFamily.Application.IntegrationTests.csproj", "{4AE51AFC-E248-46A0-82D5-564CD6C2A35C}"
EndProject
Project("{FAE04EC0-301F-11D3-BF4B-00C04F79EFBC}") = "PetFamily.Data.Tests", "Tests\PetFamily.Data.Tests\PetFamily.Data.Tests.csproj", "{0C3E4BBC-0403-4B81-A0CE-CBB1B505F83B}"
EndProject
Project("{2150E333-8FDC-42A3-9474-1A3956D46DE8}") = "Shared", "Shared", "{8DA68516-241E-411D-AE85-03C514FB12B8}"
EndProject
Project("{2150E333-8FDC-42A3-9474-1A3956D46DE8}") = "Species", "Species", "{A9A85762-D129-4195-AFC5-8FC3812A9FDC}"
EndProject
Project("{FAE04EC0-301F-11D3-BF4B-00C04F79EFBC}") = "PetFamily.Specieses", "src\Species\PetFamily.Specieses\PetFamily.Specieses.csproj", "{A4AEFC89-2E16-4CD3-AAF6-36B883A89FC3}"
EndProject
Project("{FAE04EC0-301F-11D3-BF4B-00C04F79EFBC}") = "PetFamily.Core", "src\Shared\PetFamily.Core\PetFamily.Core.csproj", "{F0E74DF5-858C-494E-B1D7-171A77828DBE}"
EndProject
Project("{FAE04EC0-301F-11D3-BF4B-00C04F79EFBC}") = "PetFamily.Framework", "src\Shared\PetFamily.Framework\PetFamily.Framework.csproj", "{1097B347-4878-4414-83D5-6EFD2E2938D3}"
EndProject
Project("{FAE04EC0-301F-11D3-BF4B-00C04F79EFBC}") = "PetFamily.SharedKernel", "src\Shared\PetFamily.SharedKernel\PetFamily.SharedKernel.csproj", "{CA035EB8-9E97-4B14-BCA8-2E6C6457473C}"
EndProject
Project("{FAE04EC0-301F-11D3-BF4B-00C04F79EFBC}") = "PetFamily.Specieses.Presentation", "src\Species\PetFamily.Specieses.Presentation\PetFamily.Specieses.Presentation.csproj", "{475DD371-6C2C-4DF2-AF4D-75117C18BAAB}"
EndProject
Project("{FAE04EC0-301F-11D3-BF4B-00C04F79EFBC}") = "PetFamily.Specieses.Contracts", "src\Species\PetFamily.Specieses.Contracts\PetFamily.Specieses.Contracts.csproj", "{FB1DB629-22A9-458D-8EF4-760A17EACA35}"
EndProject
Project("{2150E333-8FDC-42A3-9474-1A3956D46DE8}") = "Volunteers", "Volunteers", "{D2A1B448-4CD8-4889-8BC6-52B375BE77F2}"
EndProject
Project("{FAE04EC0-301F-11D3-BF4B-00C04F79EFBC}") = "PetFamily.Volunteers.Domain", "src\Volunteers\PetFamily.Volunteers.Domain\PetFamily.Volunteers.Domain.csproj", "{31602E82-06BA-42D7-BCFC-B12DA4FEF5B7}"
EndProject
Project("{FAE04EC0-301F-11D3-BF4B-00C04F79EFBC}") = "PetFamily.Volunteers.Application", "src\Volunteers\PetFamily.Volunteers.Application\PetFamily.Volunteers.Application.csproj", "{CD2D1DC7-0064-4D1F-94C1-5645C8752C76}"
EndProject
Project("{FAE04EC0-301F-11D3-BF4B-00C04F79EFBC}") = "PetFamily.Volunteers.Infrastructure", "src\Volunteers\PetFamily.Volunteers.Infrastructure\PetFamily.Volunteers.Infrastructure.csproj", "{2390E4CE-2D21-43F9-8A12-E0E3A512C243}"
EndProject
Project("{FAE04EC0-301F-11D3-BF4B-00C04F79EFBC}") = "PetFamily.Volunteers.Presentation", "src\Volunteers\PetFamily.Volunteers.Presentation\PetFamily.Volunteers.Presentation.csproj", "{F53642B5-D150-4202-A988-322A150C09E0}"
EndProject
Project("{FAE04EC0-301F-11D3-BF4B-00C04F79EFBC}") = "PetFamily.Volunteers.Contracts", "src\Volunteers\PetFamily.Volunteers.Contracts\PetFamily.Volunteers.Contracts.csproj", "{8F90660E-C672-4DBE-A58A-3D4E4CC6CFC5}"
EndProject
Project("{2150E333-8FDC-42A3-9474-1A3956D46DE8}") = "FileService", "FileService", "{FC683698-2036-4E91-AFD7-2BAE8795D7BC}"
EndProject
Project("{FAE04EC0-301F-11D3-BF4B-00C04F79EFBC}") = "PetFamily.FileService", "src\FileService\PetFamily.FileService\PetFamily.FileService.csproj", "{0A0EFD5F-D535-4AF3-950E-0C6A27B70E1D}"
EndProject
Project("{2150E333-8FDC-42A3-9474-1A3956D46DE8}") = "Accounts", "Accounts", "{18AEA640-D682-4912-8F1D-4349A8704626}"
EndProject
Project("{FAE04EC0-301F-11D3-BF4B-00C04F79EFBC}") = "PetFamily.Accounts.Infrastructure", "src\Accounts\PetFamily.Accounts.Infrastructure\PetFamily.Accounts.Infrastructure.csproj", "{8E83644F-201F-46E4-8CE2-AF2416FD04AB}"
EndProject
Project("{FAE04EC0-301F-11D3-BF4B-00C04F79EFBC}") = "PetFemily.Accounts.Domain", "src\Accounts\PetFemily.Accounts.Domain\PetFemily.Accounts.Domain.csproj", "{636AB1EB-E669-4C1F-9374-0FD3DD372FCB}"
EndProject
Project("{FAE04EC0-301F-11D3-BF4B-00C04F79EFBC}") = "PetFemily.Accounts.Application", "src\Accounts\PetFemily.Accounts.Application\PetFemily.Accounts.Application.csproj", "{56ABAA2E-AFD7-4E0B-8055-D71CD395B955}"
EndProject
Project("{FAE04EC0-301F-11D3-BF4B-00C04F79EFBC}") = "PetFamily.Accounts.Presentation", "src\Accounts\PetFamily.Accounts.Presentation\PetFamily.Accounts.Presentation.csproj", "{2BD00D60-1271-461A-9428-4057364BD297}"
EndProject
Project("{FAE04EC0-301F-11D3-BF4B-00C04F79EFBC}") = "PetFamily.Accounts.Contracts", "src\Accounts\PetFamily.Accounts.Contracts\PetFamily.Accounts.Contracts.csproj", "{DB948524-A696-436F-A103-20493D10C8AE}"
EndProject
Project("{2150E333-8FDC-42A3-9474-1A3956D46DE8}") = "VolunteersRequests", "VolunteersRequests", "{05FEF256-6111-4797-BA08-7AA088771009}"
EndProject
Project("{FAE04EC0-301F-11D3-BF4B-00C04F79EFBC}") = "PetFamily.VolunteersRequests.Domain", "src\VolunteerRequest\PetFamily.VolunteersRequests.Domain\PetFamily.VolunteersRequests.Domain.csproj", "{C07270FD-D564-40C2-A4F1-0A0B6F7543F7}"
EndProject
Project("{FAE04EC0-301F-11D3-BF4B-00C04F79EFBC}") = "PetFamily.VolunteersRequests.Domain.UnitTests", "Tests\PetFamily.VolunteersRequests.Domain.UnitTests\PetFamily.VolunteersRequests.Domain.UnitTests.csproj", "{3E21EAA0-08D6-471E-A001-AEE55CEB2E06}"
EndProject
Project("{2150E333-8FDC-42A3-9474-1A3956D46DE8}") = "Disscusions", "Disscusions", "{C2453E1A-D9C2-4FAA-9BB8-2FC9D21B091A}"
EndProject
Project("{FAE04EC0-301F-11D3-BF4B-00C04F79EFBC}") = "Рабочий.Disscusions.Domain", "src\Disscusions\Рабочий.Disscusions.Domain\Рабочий.Disscusions.Domain.csproj", "{9A946393-4F07-4B5B-B3EF-C3C9582D4EFC}"
EndProject
Global
	GlobalSection(SolutionConfigurationPlatforms) = preSolution
		Debug|Any CPU = Debug|Any CPU
		Release|Any CPU = Release|Any CPU
	EndGlobalSection
	GlobalSection(SolutionProperties) = preSolution
		HideSolutionNode = FALSE
	EndGlobalSection
	GlobalSection(ProjectConfigurationPlatforms) = postSolution
		{0B1BBE22-B798-4FEB-A138-9E76420164D0}.Debug|Any CPU.ActiveCfg = Debug|Any CPU
		{0B1BBE22-B798-4FEB-A138-9E76420164D0}.Debug|Any CPU.Build.0 = Debug|Any CPU
		{0B1BBE22-B798-4FEB-A138-9E76420164D0}.Release|Any CPU.ActiveCfg = Release|Any CPU
		{0B1BBE22-B798-4FEB-A138-9E76420164D0}.Release|Any CPU.Build.0 = Release|Any CPU
		{0DAE0075-2445-471C-A283-C0C07455E734}.Debug|Any CPU.ActiveCfg = Debug|Any CPU
		{0DAE0075-2445-471C-A283-C0C07455E734}.Debug|Any CPU.Build.0 = Debug|Any CPU
		{0DAE0075-2445-471C-A283-C0C07455E734}.Release|Any CPU.ActiveCfg = Release|Any CPU
		{0DAE0075-2445-471C-A283-C0C07455E734}.Release|Any CPU.Build.0 = Release|Any CPU
		{4AE51AFC-E248-46A0-82D5-564CD6C2A35C}.Debug|Any CPU.ActiveCfg = Debug|Any CPU
		{4AE51AFC-E248-46A0-82D5-564CD6C2A35C}.Debug|Any CPU.Build.0 = Debug|Any CPU
		{4AE51AFC-E248-46A0-82D5-564CD6C2A35C}.Release|Any CPU.ActiveCfg = Release|Any CPU
		{4AE51AFC-E248-46A0-82D5-564CD6C2A35C}.Release|Any CPU.Build.0 = Release|Any CPU
		{0C3E4BBC-0403-4B81-A0CE-CBB1B505F83B}.Debug|Any CPU.ActiveCfg = Debug|Any CPU
		{0C3E4BBC-0403-4B81-A0CE-CBB1B505F83B}.Debug|Any CPU.Build.0 = Debug|Any CPU
		{0C3E4BBC-0403-4B81-A0CE-CBB1B505F83B}.Release|Any CPU.ActiveCfg = Release|Any CPU
		{0C3E4BBC-0403-4B81-A0CE-CBB1B505F83B}.Release|Any CPU.Build.0 = Release|Any CPU
		{A4AEFC89-2E16-4CD3-AAF6-36B883A89FC3}.Debug|Any CPU.ActiveCfg = Debug|Any CPU
		{A4AEFC89-2E16-4CD3-AAF6-36B883A89FC3}.Debug|Any CPU.Build.0 = Debug|Any CPU
		{A4AEFC89-2E16-4CD3-AAF6-36B883A89FC3}.Release|Any CPU.ActiveCfg = Release|Any CPU
		{A4AEFC89-2E16-4CD3-AAF6-36B883A89FC3}.Release|Any CPU.Build.0 = Release|Any CPU
		{F0E74DF5-858C-494E-B1D7-171A77828DBE}.Debug|Any CPU.ActiveCfg = Debug|Any CPU
		{F0E74DF5-858C-494E-B1D7-171A77828DBE}.Debug|Any CPU.Build.0 = Debug|Any CPU
		{F0E74DF5-858C-494E-B1D7-171A77828DBE}.Release|Any CPU.ActiveCfg = Release|Any CPU
		{F0E74DF5-858C-494E-B1D7-171A77828DBE}.Release|Any CPU.Build.0 = Release|Any CPU
		{1097B347-4878-4414-83D5-6EFD2E2938D3}.Debug|Any CPU.ActiveCfg = Debug|Any CPU
		{1097B347-4878-4414-83D5-6EFD2E2938D3}.Debug|Any CPU.Build.0 = Debug|Any CPU
		{1097B347-4878-4414-83D5-6EFD2E2938D3}.Release|Any CPU.ActiveCfg = Release|Any CPU
		{1097B347-4878-4414-83D5-6EFD2E2938D3}.Release|Any CPU.Build.0 = Release|Any CPU
		{CA035EB8-9E97-4B14-BCA8-2E6C6457473C}.Debug|Any CPU.ActiveCfg = Debug|Any CPU
		{CA035EB8-9E97-4B14-BCA8-2E6C6457473C}.Debug|Any CPU.Build.0 = Debug|Any CPU
		{CA035EB8-9E97-4B14-BCA8-2E6C6457473C}.Release|Any CPU.ActiveCfg = Release|Any CPU
		{CA035EB8-9E97-4B14-BCA8-2E6C6457473C}.Release|Any CPU.Build.0 = Release|Any CPU
		{475DD371-6C2C-4DF2-AF4D-75117C18BAAB}.Debug|Any CPU.ActiveCfg = Debug|Any CPU
		{475DD371-6C2C-4DF2-AF4D-75117C18BAAB}.Debug|Any CPU.Build.0 = Debug|Any CPU
		{475DD371-6C2C-4DF2-AF4D-75117C18BAAB}.Release|Any CPU.ActiveCfg = Release|Any CPU
		{475DD371-6C2C-4DF2-AF4D-75117C18BAAB}.Release|Any CPU.Build.0 = Release|Any CPU
		{FB1DB629-22A9-458D-8EF4-760A17EACA35}.Debug|Any CPU.ActiveCfg = Debug|Any CPU
		{FB1DB629-22A9-458D-8EF4-760A17EACA35}.Debug|Any CPU.Build.0 = Debug|Any CPU
		{FB1DB629-22A9-458D-8EF4-760A17EACA35}.Release|Any CPU.ActiveCfg = Release|Any CPU
		{FB1DB629-22A9-458D-8EF4-760A17EACA35}.Release|Any CPU.Build.0 = Release|Any CPU
		{31602E82-06BA-42D7-BCFC-B12DA4FEF5B7}.Debug|Any CPU.ActiveCfg = Debug|Any CPU
		{31602E82-06BA-42D7-BCFC-B12DA4FEF5B7}.Debug|Any CPU.Build.0 = Debug|Any CPU
		{31602E82-06BA-42D7-BCFC-B12DA4FEF5B7}.Release|Any CPU.ActiveCfg = Release|Any CPU
		{31602E82-06BA-42D7-BCFC-B12DA4FEF5B7}.Release|Any CPU.Build.0 = Release|Any CPU
		{CD2D1DC7-0064-4D1F-94C1-5645C8752C76}.Debug|Any CPU.ActiveCfg = Debug|Any CPU
		{CD2D1DC7-0064-4D1F-94C1-5645C8752C76}.Debug|Any CPU.Build.0 = Debug|Any CPU
		{CD2D1DC7-0064-4D1F-94C1-5645C8752C76}.Release|Any CPU.ActiveCfg = Release|Any CPU
		{CD2D1DC7-0064-4D1F-94C1-5645C8752C76}.Release|Any CPU.Build.0 = Release|Any CPU
		{2390E4CE-2D21-43F9-8A12-E0E3A512C243}.Debug|Any CPU.ActiveCfg = Debug|Any CPU
		{2390E4CE-2D21-43F9-8A12-E0E3A512C243}.Debug|Any CPU.Build.0 = Debug|Any CPU
		{2390E4CE-2D21-43F9-8A12-E0E3A512C243}.Release|Any CPU.ActiveCfg = Release|Any CPU
		{2390E4CE-2D21-43F9-8A12-E0E3A512C243}.Release|Any CPU.Build.0 = Release|Any CPU
		{F53642B5-D150-4202-A988-322A150C09E0}.Debug|Any CPU.ActiveCfg = Debug|Any CPU
		{F53642B5-D150-4202-A988-322A150C09E0}.Debug|Any CPU.Build.0 = Debug|Any CPU
		{F53642B5-D150-4202-A988-322A150C09E0}.Release|Any CPU.ActiveCfg = Release|Any CPU
		{F53642B5-D150-4202-A988-322A150C09E0}.Release|Any CPU.Build.0 = Release|Any CPU
		{8F90660E-C672-4DBE-A58A-3D4E4CC6CFC5}.Debug|Any CPU.ActiveCfg = Debug|Any CPU
		{8F90660E-C672-4DBE-A58A-3D4E4CC6CFC5}.Debug|Any CPU.Build.0 = Debug|Any CPU
		{8F90660E-C672-4DBE-A58A-3D4E4CC6CFC5}.Release|Any CPU.ActiveCfg = Release|Any CPU
		{8F90660E-C672-4DBE-A58A-3D4E4CC6CFC5}.Release|Any CPU.Build.0 = Release|Any CPU
		{0A0EFD5F-D535-4AF3-950E-0C6A27B70E1D}.Debug|Any CPU.ActiveCfg = Debug|Any CPU
		{0A0EFD5F-D535-4AF3-950E-0C6A27B70E1D}.Debug|Any CPU.Build.0 = Debug|Any CPU
		{0A0EFD5F-D535-4AF3-950E-0C6A27B70E1D}.Release|Any CPU.ActiveCfg = Release|Any CPU
		{0A0EFD5F-D535-4AF3-950E-0C6A27B70E1D}.Release|Any CPU.Build.0 = Release|Any CPU
		{8E83644F-201F-46E4-8CE2-AF2416FD04AB}.Debug|Any CPU.ActiveCfg = Debug|Any CPU
		{8E83644F-201F-46E4-8CE2-AF2416FD04AB}.Debug|Any CPU.Build.0 = Debug|Any CPU
		{8E83644F-201F-46E4-8CE2-AF2416FD04AB}.Release|Any CPU.ActiveCfg = Release|Any CPU
		{8E83644F-201F-46E4-8CE2-AF2416FD04AB}.Release|Any CPU.Build.0 = Release|Any CPU
		{636AB1EB-E669-4C1F-9374-0FD3DD372FCB}.Debug|Any CPU.ActiveCfg = Debug|Any CPU
		{636AB1EB-E669-4C1F-9374-0FD3DD372FCB}.Debug|Any CPU.Build.0 = Debug|Any CPU
		{636AB1EB-E669-4C1F-9374-0FD3DD372FCB}.Release|Any CPU.ActiveCfg = Release|Any CPU
		{636AB1EB-E669-4C1F-9374-0FD3DD372FCB}.Release|Any CPU.Build.0 = Release|Any CPU
		{56ABAA2E-AFD7-4E0B-8055-D71CD395B955}.Debug|Any CPU.ActiveCfg = Debug|Any CPU
		{56ABAA2E-AFD7-4E0B-8055-D71CD395B955}.Debug|Any CPU.Build.0 = Debug|Any CPU
		{56ABAA2E-AFD7-4E0B-8055-D71CD395B955}.Release|Any CPU.ActiveCfg = Release|Any CPU
		{56ABAA2E-AFD7-4E0B-8055-D71CD395B955}.Release|Any CPU.Build.0 = Release|Any CPU
		{2BD00D60-1271-461A-9428-4057364BD297}.Debug|Any CPU.ActiveCfg = Debug|Any CPU
		{2BD00D60-1271-461A-9428-4057364BD297}.Debug|Any CPU.Build.0 = Debug|Any CPU
		{2BD00D60-1271-461A-9428-4057364BD297}.Release|Any CPU.ActiveCfg = Release|Any CPU
		{2BD00D60-1271-461A-9428-4057364BD297}.Release|Any CPU.Build.0 = Release|Any CPU
		{DB948524-A696-436F-A103-20493D10C8AE}.Debug|Any CPU.ActiveCfg = Debug|Any CPU
		{DB948524-A696-436F-A103-20493D10C8AE}.Debug|Any CPU.Build.0 = Debug|Any CPU
		{DB948524-A696-436F-A103-20493D10C8AE}.Release|Any CPU.ActiveCfg = Release|Any CPU
		{DB948524-A696-436F-A103-20493D10C8AE}.Release|Any CPU.Build.0 = Release|Any CPU
		{C07270FD-D564-40C2-A4F1-0A0B6F7543F7}.Debug|Any CPU.ActiveCfg = Debug|Any CPU
		{C07270FD-D564-40C2-A4F1-0A0B6F7543F7}.Debug|Any CPU.Build.0 = Debug|Any CPU
		{C07270FD-D564-40C2-A4F1-0A0B6F7543F7}.Release|Any CPU.ActiveCfg = Release|Any CPU
		{C07270FD-D564-40C2-A4F1-0A0B6F7543F7}.Release|Any CPU.Build.0 = Release|Any CPU
		{3E21EAA0-08D6-471E-A001-AEE55CEB2E06}.Debug|Any CPU.ActiveCfg = Debug|Any CPU
		{3E21EAA0-08D6-471E-A001-AEE55CEB2E06}.Debug|Any CPU.Build.0 = Debug|Any CPU
		{3E21EAA0-08D6-471E-A001-AEE55CEB2E06}.Release|Any CPU.ActiveCfg = Release|Any CPU
		{3E21EAA0-08D6-471E-A001-AEE55CEB2E06}.Release|Any CPU.Build.0 = Release|Any CPU
		{9A946393-4F07-4B5B-B3EF-C3C9582D4EFC}.Debug|Any CPU.ActiveCfg = Debug|Any CPU
		{9A946393-4F07-4B5B-B3EF-C3C9582D4EFC}.Debug|Any CPU.Build.0 = Debug|Any CPU
		{9A946393-4F07-4B5B-B3EF-C3C9582D4EFC}.Release|Any CPU.ActiveCfg = Release|Any CPU
		{9A946393-4F07-4B5B-B3EF-C3C9582D4EFC}.Release|Any CPU.Build.0 = Release|Any CPU
	EndGlobalSection
	GlobalSection(NestedProjects) = preSolution
		{0DAE0075-2445-471C-A283-C0C07455E734} = {047153CD-A20C-4673-8263-B6BAD5EAB030}
		{4AE51AFC-E248-46A0-82D5-564CD6C2A35C} = {047153CD-A20C-4673-8263-B6BAD5EAB030}
		{0C3E4BBC-0403-4B81-A0CE-CBB1B505F83B} = {047153CD-A20C-4673-8263-B6BAD5EAB030}
		{A4AEFC89-2E16-4CD3-AAF6-36B883A89FC3} = {A9A85762-D129-4195-AFC5-8FC3812A9FDC}
		{F0E74DF5-858C-494E-B1D7-171A77828DBE} = {8DA68516-241E-411D-AE85-03C514FB12B8}
		{1097B347-4878-4414-83D5-6EFD2E2938D3} = {8DA68516-241E-411D-AE85-03C514FB12B8}
		{CA035EB8-9E97-4B14-BCA8-2E6C6457473C} = {8DA68516-241E-411D-AE85-03C514FB12B8}
		{475DD371-6C2C-4DF2-AF4D-75117C18BAAB} = {A9A85762-D129-4195-AFC5-8FC3812A9FDC}
		{FB1DB629-22A9-458D-8EF4-760A17EACA35} = {A9A85762-D129-4195-AFC5-8FC3812A9FDC}
		{31602E82-06BA-42D7-BCFC-B12DA4FEF5B7} = {D2A1B448-4CD8-4889-8BC6-52B375BE77F2}
		{CD2D1DC7-0064-4D1F-94C1-5645C8752C76} = {D2A1B448-4CD8-4889-8BC6-52B375BE77F2}
		{2390E4CE-2D21-43F9-8A12-E0E3A512C243} = {D2A1B448-4CD8-4889-8BC6-52B375BE77F2}
		{F53642B5-D150-4202-A988-322A150C09E0} = {D2A1B448-4CD8-4889-8BC6-52B375BE77F2}
		{8F90660E-C672-4DBE-A58A-3D4E4CC6CFC5} = {D2A1B448-4CD8-4889-8BC6-52B375BE77F2}
		{0A0EFD5F-D535-4AF3-950E-0C6A27B70E1D} = {FC683698-2036-4E91-AFD7-2BAE8795D7BC}
		{8E83644F-201F-46E4-8CE2-AF2416FD04AB} = {18AEA640-D682-4912-8F1D-4349A8704626}
		{636AB1EB-E669-4C1F-9374-0FD3DD372FCB} = {18AEA640-D682-4912-8F1D-4349A8704626}
		{56ABAA2E-AFD7-4E0B-8055-D71CD395B955} = {18AEA640-D682-4912-8F1D-4349A8704626}
		{2BD00D60-1271-461A-9428-4057364BD297} = {18AEA640-D682-4912-8F1D-4349A8704626}
		{DB948524-A696-436F-A103-20493D10C8AE} = {18AEA640-D682-4912-8F1D-4349A8704626}
		{C07270FD-D564-40C2-A4F1-0A0B6F7543F7} = {05FEF256-6111-4797-BA08-7AA088771009}
		{3E21EAA0-08D6-471E-A001-AEE55CEB2E06} = {047153CD-A20C-4673-8263-B6BAD5EAB030}
		{9A946393-4F07-4B5B-B3EF-C3C9582D4EFC} = {C2453E1A-D9C2-4FAA-9BB8-2FC9D21B091A}
	EndGlobalSection
EndGlobal
